// !$*UTF8*$!
{
	archiveVersion = 1;
	classes = {
	};
	objectVersion = 46;
	objects = {

/* Begin PBXBuildFile section */
		D16E0E611B9D3EEC00AE2932 /* main.m in Sources */ = {isa = PBXBuildFile; fileRef = D16E0E601B9D3EEC00AE2932 /* main.m */; };
		D16E0E641B9D3EEC00AE2932 /* AppDelegate.m in Sources */ = {isa = PBXBuildFile; fileRef = D16E0E631B9D3EEC00AE2932 /* AppDelegate.m */; };
		D16E0E691B9D3EEC00AE2932 /* GameScene.sks in Resources */ = {isa = PBXBuildFile; fileRef = D16E0E681B9D3EEC00AE2932 /* GameScene.sks */; };
		D16E0E6C1B9D3EEC00AE2932 /* GameViewController.m in Sources */ = {isa = PBXBuildFile; fileRef = D16E0E6B1B9D3EEC00AE2932 /* GameViewController.m */; };
		D16E0E6F1B9D3EEC00AE2932 /* Main.storyboard in Resources */ = {isa = PBXBuildFile; fileRef = D16E0E6D1B9D3EEC00AE2932 /* Main.storyboard */; };
		D16E0E711B9D3EEC00AE2932 /* Images.xcassets in Resources */ = {isa = PBXBuildFile; fileRef = D16E0E701B9D3EEC00AE2932 /* Images.xcassets */; };
		D16E0E741B9D3EEC00AE2932 /* LaunchScreen.xib in Resources */ = {isa = PBXBuildFile; fileRef = D16E0E721B9D3EEC00AE2932 /* LaunchScreen.xib */; };
		D16E0E801B9D3EEC00AE2932 /* GameTests.m in Sources */ = {isa = PBXBuildFile; fileRef = D16E0E7F1B9D3EEC00AE2932 /* GameTests.m */; };
		D16E0E901B9D55EF00AE2932 /* CoreMotion.framework in Frameworks */ = {isa = PBXBuildFile; fileRef = D16E0E8F1B9D55EF00AE2932 /* CoreMotion.framework */; };
		D16E0E961B9D62FB00AE2932 /* AGGameScene.m in Sources */ = {isa = PBXBuildFile; fileRef = D16E0E951B9D62FB00AE2932 /* AGGameScene.m */; };
		D16E0E991B9D6FD900AE2932 /* AGHeroSprite.m in Sources */ = {isa = PBXBuildFile; fileRef = D16E0E981B9D6FD900AE2932 /* AGHeroSprite.m */; };
		D16E0EA31B9E96FA00AE2932 /* AGBackgroundSprite.m in Sources */ = {isa = PBXBuildFile; fileRef = D16E0EA21B9E96FA00AE2932 /* AGBackgroundSprite.m */; };
		D1DDDFF11BA6879700EEAAD7 /* GameHeroImages.atlas in Resources */ = {isa = PBXBuildFile; fileRef = D1DDDFF01BA6879700EEAAD7 /* GameHeroImages.atlas */; };
/* End PBXBuildFile section */

/* Begin PBXContainerItemProxy section */
		D16E0E7A1B9D3EEC00AE2932 /* PBXContainerItemProxy */ = {
			isa = PBXContainerItemProxy;
			containerPortal = D16E0E531B9D3EEC00AE2932 /* Project object */;
			proxyType = 1;
			remoteGlobalIDString = D16E0E5A1B9D3EEC00AE2932;
			remoteInfo = Game;
		};
/* End PBXContainerItemProxy section */

/* Begin PBXFileReference section */
		D16E0E5B1B9D3EEC00AE2932 /* Game.app */ = {isa = PBXFileReference; explicitFileType = wrapper.application; includeInIndex = 0; path = Game.app; sourceTree = BUILT_PRODUCTS_DIR; };
		D16E0E5F1B9D3EEC00AE2932 /* Info.plist */ = {isa = PBXFileReference; lastKnownFileType = text.plist.xml; path = Info.plist; sourceTree = "<group>"; };
		D16E0E601B9D3EEC00AE2932 /* main.m */ = {isa = PBXFileReference; lastKnownFileType = sourcecode.c.objc; path = main.m; sourceTree = "<group>"; };
		D16E0E621B9D3EEC00AE2932 /* AppDelegate.h */ = {isa = PBXFileReference; lastKnownFileType = sourcecode.c.h; path = AppDelegate.h; sourceTree = "<group>"; };
		D16E0E631B9D3EEC00AE2932 /* AppDelegate.m */ = {isa = PBXFileReference; lastKnownFileType = sourcecode.c.objc; path = AppDelegate.m; sourceTree = "<group>"; };
		D16E0E681B9D3EEC00AE2932 /* GameScene.sks */ = {isa = PBXFileReference; lastKnownFileType = file.sks; path = GameScene.sks; sourceTree = "<group>"; };
		D16E0E6A1B9D3EEC00AE2932 /* GameViewController.h */ = {isa = PBXFileReference; lastKnownFileType = sourcecode.c.h; path = GameViewController.h; sourceTree = "<group>"; };
		D16E0E6B1B9D3EEC00AE2932 /* GameViewController.m */ = {isa = PBXFileReference; lastKnownFileType = sourcecode.c.objc; path = GameViewController.m; sourceTree = "<group>"; };
		D16E0E6E1B9D3EEC00AE2932 /* Base */ = {isa = PBXFileReference; lastKnownFileType = file.storyboard; name = Base; path = Base.lproj/Main.storyboard; sourceTree = "<group>"; };
		D16E0E701B9D3EEC00AE2932 /* Images.xcassets */ = {isa = PBXFileReference; lastKnownFileType = folder.assetcatalog; path = Images.xcassets; sourceTree = "<group>"; };
		D16E0E731B9D3EEC00AE2932 /* Base */ = {isa = PBXFileReference; lastKnownFileType = file.xib; name = Base; path = Base.lproj/LaunchScreen.xib; sourceTree = "<group>"; };
		D16E0E791B9D3EEC00AE2932 /* GameTests.xctest */ = {isa = PBXFileReference; explicitFileType = wrapper.cfbundle; includeInIndex = 0; path = GameTests.xctest; sourceTree = BUILT_PRODUCTS_DIR; };
		D16E0E7E1B9D3EEC00AE2932 /* Info.plist */ = {isa = PBXFileReference; lastKnownFileType = text.plist.xml; path = Info.plist; sourceTree = "<group>"; };
		D16E0E7F1B9D3EEC00AE2932 /* GameTests.m */ = {isa = PBXFileReference; lastKnownFileType = sourcecode.c.objc; path = GameTests.m; sourceTree = "<group>"; };
		D16E0E8F1B9D55EF00AE2932 /* CoreMotion.framework */ = {isa = PBXFileReference; lastKnownFileType = wrapper.framework; name = CoreMotion.framework; path = System/Library/Frameworks/CoreMotion.framework; sourceTree = SDKROOT; };
		D16E0E941B9D62FB00AE2932 /* AGGameScene.h */ = {isa = PBXFileReference; fileEncoding = 4; lastKnownFileType = sourcecode.c.h; path = AGGameScene.h; sourceTree = "<group>"; };
		D16E0E951B9D62FB00AE2932 /* AGGameScene.m */ = {isa = PBXFileReference; fileEncoding = 4; lastKnownFileType = sourcecode.c.objc; path = AGGameScene.m; sourceTree = "<group>"; };
		D16E0E971B9D6FD900AE2932 /* AGHeroSprite.h */ = {isa = PBXFileReference; fileEncoding = 4; lastKnownFileType = sourcecode.c.h; path = AGHeroSprite.h; sourceTree = "<group>"; };
		D16E0E981B9D6FD900AE2932 /* AGHeroSprite.m */ = {isa = PBXFileReference; fileEncoding = 4; lastKnownFileType = sourcecode.c.objc; path = AGHeroSprite.m; sourceTree = "<group>"; };
		D16E0EA11B9E96FA00AE2932 /* AGBackgroundSprite.h */ = {isa = PBXFileReference; fileEncoding = 4; lastKnownFileType = sourcecode.c.h; path = AGBackgroundSprite.h; sourceTree = "<group>"; };
		D16E0EA21B9E96FA00AE2932 /* AGBackgroundSprite.m */ = {isa = PBXFileReference; fileEncoding = 4; lastKnownFileType = sourcecode.c.objc; path = AGBackgroundSprite.m; sourceTree = "<group>"; };
		D1DDDFF01BA6879700EEAAD7 /* GameHeroImages.atlas */ = {isa = PBXFileReference; lastKnownFileType = folder.skatlas; path = GameHeroImages.atlas; sourceTree = "<group>"; };
/* End PBXFileReference section */

/* Begin PBXFrameworksBuildPhase section */
		D16E0E581B9D3EEC00AE2932 /* Frameworks */ = {
			isa = PBXFrameworksBuildPhase;
			buildActionMask = 2147483647;
			files = (
				D16E0E901B9D55EF00AE2932 /* CoreMotion.framework in Frameworks */,
			);
			runOnlyForDeploymentPostprocessing = 0;
		};
		D16E0E761B9D3EEC00AE2932 /* Frameworks */ = {
			isa = PBXFrameworksBuildPhase;
			buildActionMask = 2147483647;
			files = (
			);
			runOnlyForDeploymentPostprocessing = 0;
		};
/* End PBXFrameworksBuildPhase section */

/* Begin PBXGroup section */
		D16E0E521B9D3EEC00AE2932 = {
			isa = PBXGroup;
			children = (
				D16E0E8F1B9D55EF00AE2932 /* CoreMotion.framework */,
				D16E0E5D1B9D3EEC00AE2932 /* Game */,
				D16E0E7C1B9D3EEC00AE2932 /* GameTests */,
				D16E0E5C1B9D3EEC00AE2932 /* Products */,
			);
			sourceTree = "<group>";
		};
		D16E0E5C1B9D3EEC00AE2932 /* Products */ = {
			isa = PBXGroup;
			children = (
				D16E0E5B1B9D3EEC00AE2932 /* Game.app */,
				D16E0E791B9D3EEC00AE2932 /* GameTests.xctest */,
			);
			name = Products;
			sourceTree = "<group>";
		};
		D16E0E5D1B9D3EEC00AE2932 /* Game */ = {
			isa = PBXGroup;
			children = (
				D16E0E621B9D3EEC00AE2932 /* AppDelegate.h */,
				D16E0E631B9D3EEC00AE2932 /* AppDelegate.m */,
				D16E0E681B9D3EEC00AE2932 /* GameScene.sks */,
				D16E0E6A1B9D3EEC00AE2932 /* GameViewController.h */,
				D1DDDFF01BA6879700EEAAD7 /* GameHeroImages.atlas */,
				D16E0E6B1B9D3EEC00AE2932 /* GameViewController.m */,
				D16E0E6D1B9D3EEC00AE2932 /* Main.storyboard */,
				D16E0E701B9D3EEC00AE2932 /* Images.xcassets */,
				D16E0E721B9D3EEC00AE2932 /* LaunchScreen.xib */,
				D16E0E5E1B9D3EEC00AE2932 /* Supporting Files */,
				D16E0E941B9D62FB00AE2932 /* AGGameScene.h */,
				D16E0E951B9D62FB00AE2932 /* AGGameScene.m */,
				D16E0E971B9D6FD900AE2932 /* AGHeroSprite.h */,
				D16E0E981B9D6FD900AE2932 /* AGHeroSprite.m */,
				D16E0EA11B9E96FA00AE2932 /* AGBackgroundSprite.h */,
				D16E0EA21B9E96FA00AE2932 /* AGBackgroundSprite.m */,
			);
			path = Game;
			sourceTree = "<group>";
		};
		D16E0E5E1B9D3EEC00AE2932 /* Supporting Files */ = {
			isa = PBXGroup;
			children = (
				D16E0E5F1B9D3EEC00AE2932 /* Info.plist */,
				D16E0E601B9D3EEC00AE2932 /* main.m */,
			);
			name = "Supporting Files";
			sourceTree = "<group>";
		};
		D16E0E7C1B9D3EEC00AE2932 /* GameTests */ = {
			isa = PBXGroup;
			children = (
				D16E0E7F1B9D3EEC00AE2932 /* GameTests.m */,
				D16E0E7D1B9D3EEC00AE2932 /* Supporting Files */,
			);
			path = GameTests;
			sourceTree = "<group>";
		};
		D16E0E7D1B9D3EEC00AE2932 /* Supporting Files */ = {
			isa = PBXGroup;
			children = (
				D16E0E7E1B9D3EEC00AE2932 /* Info.plist */,
			);
			name = "Supporting Files";
			sourceTree = "<group>";
		};
/* End PBXGroup section */

/* Begin PBXNativeTarget section */
		D16E0E5A1B9D3EEC00AE2932 /* Game */ = {
			isa = PBXNativeTarget;
			buildConfigurationList = D16E0E831B9D3EEC00AE2932 /* Build configuration list for PBXNativeTarget "Game" */;
			buildPhases = (
				D16E0E571B9D3EEC00AE2932 /* Sources */,
				D16E0E581B9D3EEC00AE2932 /* Frameworks */,
				D16E0E591B9D3EEC00AE2932 /* Resources */,
			);
			buildRules = (
			);
			dependencies = (
			);
			name = Game;
			productName = Game;
			productReference = D16E0E5B1B9D3EEC00AE2932 /* Game.app */;
			productType = "com.apple.product-type.application";
		};
		D16E0E781B9D3EEC00AE2932 /* GameTests */ = {
			isa = PBXNativeTarget;
			buildConfigurationList = D16E0E861B9D3EED00AE2932 /* Build configuration list for PBXNativeTarget "GameTests" */;
			buildPhases = (
				D16E0E751B9D3EEC00AE2932 /* Sources */,
				D16E0E761B9D3EEC00AE2932 /* Frameworks */,
				D16E0E771B9D3EEC00AE2932 /* Resources */,
			);
			buildRules = (
			);
			dependencies = (
				D16E0E7B1B9D3EEC00AE2932 /* PBXTargetDependency */,
			);
			name = GameTests;
			productName = GameTests;
			productReference = D16E0E791B9D3EEC00AE2932 /* GameTests.xctest */;
			productType = "com.apple.product-type.bundle.unit-test";
		};
/* End PBXNativeTarget section */

/* Begin PBXProject section */
		D16E0E531B9D3EEC00AE2932 /* Project object */ = {
			isa = PBXProject;
			attributes = {
				CLASSPREFIX = AG;
				LastUpgradeCheck = 0640;
				ORGANIZATIONNAME = "Aximedia Soft";
				TargetAttributes = {
					D16E0E5A1B9D3EEC00AE2932 = {
						CreatedOnToolsVersion = 6.4;
						DevelopmentTeam = HRG8K62TZ7;
					};
					D16E0E781B9D3EEC00AE2932 = {
						CreatedOnToolsVersion = 6.4;
						TestTargetID = D16E0E5A1B9D3EEC00AE2932;
					};
				};
			};
			buildConfigurationList = D16E0E561B9D3EEC00AE2932 /* Build configuration list for PBXProject "Game" */;
			compatibilityVersion = "Xcode 3.2";
			developmentRegion = English;
			hasScannedForEncodings = 0;
			knownRegions = (
				en,
				Base,
			);
			mainGroup = D16E0E521B9D3EEC00AE2932;
			productRefGroup = D16E0E5C1B9D3EEC00AE2932 /* Products */;
			projectDirPath = "";
			projectRoot = "";
			targets = (
				D16E0E5A1B9D3EEC00AE2932 /* Game */,
				D16E0E781B9D3EEC00AE2932 /* GameTests */,
			);
		};
/* End PBXProject section */

/* Begin PBXResourcesBuildPhase section */
		D16E0E591B9D3EEC00AE2932 /* Resources */ = {
			isa = PBXResourcesBuildPhase;
			buildActionMask = 2147483647;
			files = (
				D16E0E741B9D3EEC00AE2932 /* LaunchScreen.xib in Resources */,
				D16E0E711B9D3EEC00AE2932 /* Images.xcassets in Resources */,
				D16E0E691B9D3EEC00AE2932 /* GameScene.sks in Resources */,
				D16E0E6F1B9D3EEC00AE2932 /* Main.storyboard in Resources */,
				D1DDDFF11BA6879700EEAAD7 /* GameHeroImages.atlas in Resources */,
			);
			runOnlyForDeploymentPostprocessing = 0;
		};
		D16E0E771B9D3EEC00AE2932 /* Resources */ = {
			isa = PBXResourcesBuildPhase;
			buildActionMask = 2147483647;
			files = (
			);
			runOnlyForDeploymentPostprocessing = 0;
		};
/* End PBXResourcesBuildPhase section */

/* Begin PBXSourcesBuildPhase section */
		D16E0E571B9D3EEC00AE2932 /* Sources */ = {
			isa = PBXSourcesBuildPhase;
			buildActionMask = 2147483647;
			files = (
				D16E0E6C1B9D3EEC00AE2932 /* GameViewController.m in Sources */,
				D16E0E641B9D3EEC00AE2932 /* AppDelegate.m in Sources */,
				D16E0EA31B9E96FA00AE2932 /* AGBackgroundSprite.m in Sources */,
				D16E0E961B9D62FB00AE2932 /* AGGameScene.m in Sources */,
				D16E0E991B9D6FD900AE2932 /* AGHeroSprite.m in Sources */,
				D16E0E611B9D3EEC00AE2932 /* main.m in Sources */,
			);
			runOnlyForDeploymentPostprocessing = 0;
		};
		D16E0E751B9D3EEC00AE2932 /* Sources */ = {
			isa = PBXSourcesBuildPhase;
			buildActionMask = 2147483647;
			files = (
				D16E0E801B9D3EEC00AE2932 /* GameTests.m in Sources */,
			);
			runOnlyForDeploymentPostprocessing = 0;
		};
/* End PBXSourcesBuildPhase section */

/* Begin PBXTargetDependency section */
		D16E0E7B1B9D3EEC00AE2932 /* PBXTargetDependency */ = {
			isa = PBXTargetDependency;
			target = D16E0E5A1B9D3EEC00AE2932 /* Game */;
			targetProxy = D16E0E7A1B9D3EEC00AE2932 /* PBXContainerItemProxy */;
		};
/* End PBXTargetDependency section */

/* Begin PBXVariantGroup section */
		D16E0E6D1B9D3EEC00AE2932 /* Main.storyboard */ = {
			isa = PBXVariantGroup;
			children = (
				D16E0E6E1B9D3EEC00AE2932 /* Base */,
			);
			name = Main.storyboard;
			sourceTree = "<group>";
		};
		D16E0E721B9D3EEC00AE2932 /* LaunchScreen.xib */ = {
			isa = PBXVariantGroup;
			children = (
				D16E0E731B9D3EEC00AE2932 /* Base */,
			);
			name = LaunchScreen.xib;
			sourceTree = "<group>";
		};
/* End PBXVariantGroup section */

/* Begin XCBuildConfiguration section */
		D16E0E811B9D3EEC00AE2932 /* Debug */ = {
			isa = XCBuildConfiguration;
			buildSettings = {
				ALWAYS_SEARCH_USER_PATHS = NO;
				CLANG_CXX_LANGUAGE_STANDARD = "gnu++0x";
				CLANG_CXX_LIBRARY = "libc++";
				CLANG_ENABLE_MODULES = YES;
				CLANG_ENABLE_OBJC_ARC = YES;
				CLANG_WARN_BOOL_CONVERSION = YES;
				CLANG_WARN_CONSTANT_CONVERSION = YES;
				CLANG_WARN_DIRECT_OBJC_ISA_USAGE = YES_ERROR;
				CLANG_WARN_EMPTY_BODY = YES;
				CLANG_WARN_ENUM_CONVERSION = YES;
				CLANG_WARN_INT_CONVERSION = YES;
				CLANG_WARN_OBJC_ROOT_CLASS = YES_ERROR;
				CLANG_WARN_UNREACHABLE_CODE = YES;
				CLANG_WARN__DUPLICATE_METHOD_MATCH = YES;
				"CODE_SIGN_IDENTITY[sdk=iphoneos*]" = "iPhone Developer";
				COPY_PHASE_STRIP = NO;
				DEBUG_INFORMATION_FORMAT = "dwarf-with-dsym";
				ENABLE_STRICT_OBJC_MSGSEND = YES;
				GCC_C_LANGUAGE_STANDARD = gnu99;
				GCC_DYNAMIC_NO_PIC = NO;
				GCC_NO_COMMON_BLOCKS = YES;
				GCC_OPTIMIZATION_LEVEL = 0;
				GCC_PREPROCESSOR_DEFINITIONS = (
					"DEBUG=1",
					"$(inherited)",
				);
				GCC_SYMBOLS_PRIVATE_EXTERN = NO;
				GCC_WARN_64_TO_32_BIT_CONVERSION = YES;
				GCC_WARN_ABOUT_RETURN_TYPE = YES_ERROR;
				GCC_WARN_UNDECLARED_SELECTOR = YES;
				GCC_WARN_UNINITIALIZED_AUTOS = YES_AGGRESSIVE;
				GCC_WARN_UNUSED_FUNCTION = YES;
				GCC_WARN_UNUSED_VARIABLE = YES;
				IPHONEOS_DEPLOYMENT_TARGET = 8.4;
				MTL_ENABLE_DEBUG_INFO = YES;
				ONLY_ACTIVE_ARCH = YES;
				SDKROOT = iphoneos;
			};
			name = Debug;
		};
		D16E0E821B9D3EEC00AE2932 /* Release */ = {
			isa = XCBuildConfiguration;
			buildSettings = {
				ALWAYS_SEARCH_USER_PATHS = NO;
				CLANG_CXX_LANGUAGE_STANDARD = "gnu++0x";
				CLANG_CXX_LIBRARY = "libc++";
				CLANG_ENABLE_MODULES = YES;
				CLANG_ENABLE_OBJC_ARC = YES;
				CLANG_WARN_BOOL_CONVERSION = YES;
				CLANG_WARN_CONSTANT_CONVERSION = YES;
				CLANG_WARN_DIRECT_OBJC_ISA_USAGE = YES_ERROR;
				CLANG_WARN_EMPTY_BODY = YES;
				CLANG_WARN_ENUM_CONVERSION = YES;
				CLANG_WARN_INT_CONVERSION = YES;
				CLANG_WARN_OBJC_ROOT_CLASS = YES_ERROR;
				CLANG_WARN_UNREACHABLE_CODE = YES;
				CLANG_WARN__DUPLICATE_METHOD_MATCH = YES;
				"CODE_SIGN_IDENTITY[sdk=iphoneos*]" = "iPhone Developer";
				COPY_PHASE_STRIP = NO;
				DEBUG_INFORMATION_FORMAT = "dwarf-with-dsym";
				ENABLE_NS_ASSERTIONS = NO;
				ENABLE_STRICT_OBJC_MSGSEND = YES;
				GCC_C_LANGUAGE_STANDARD = gnu99;
				GCC_NO_COMMON_BLOCKS = YES;
				GCC_WARN_64_TO_32_BIT_CONVERSION = YES;
				GCC_WARN_ABOUT_RETURN_TYPE = YES_ERROR;
				GCC_WARN_UNDECLARED_SELECTOR = YES;
				GCC_WARN_UNINITIALIZED_AUTOS = YES_AGGRESSIVE;
				GCC_WARN_UNUSED_FUNCTION = YES;
				GCC_WARN_UNUSED_VARIABLE = YES;
				IPHONEOS_DEPLOYMENT_TARGET = 8.4;
				MTL_ENABLE_DEBUG_INFO = NO;
				SDKROOT = iphoneos;
				VALIDATE_PRODUCT = YES;
			};
			name = Release;
		};
		D16E0E841B9D3EEC00AE2932 /* Debug */ = {
			isa = XCBuildConfiguration;
			buildSettings = {
				ASSETCATALOG_COMPILER_APPICON_NAME = AppIcon;
				CODE_SIGN_IDENTITY = "iPhone Developer";
				INFOPLIST_FILE = Game/Info.plist;
				LD_RUNPATH_SEARCH_PATHS = "$(inherited) @executable_path/Frameworks";
				PRODUCT_NAME = "$(TARGET_NAME)";
			};
			name = Debug;
		};
		D16E0E851B9D3EEC00AE2932 /* Release */ = {
			isa = XCBuildConfiguration;
			buildSettings = {
				ASSETCATALOG_COMPILER_APPICON_NAME = AppIcon;
				CODE_SIGN_IDENTITY = "iPhone Developer";
				INFOPLIST_FILE = Game/Info.plist;
				LD_RUNPATH_SEARCH_PATHS = "$(inherited) @executable_path/Frameworks";
				PRODUCT_NAME = "$(TARGET_NAME)";
			};
			name = Release;
		};
		D16E0E871B9D3EED00AE2932 /* Debug */ = {
			isa = XCBuildConfiguration;
			buildSettings = {
				BUNDLE_LOADER = "$(TEST_HOST)";
				FRAMEWORK_SEARCH_PATHS = (
					"$(SDKROOT)/Developer/Library/Frameworks",
					"$(inherited)",
				);
				GCC_PREPROCESSOR_DEFINITIONS = (
					"DEBUG=1",
					"$(inherited)",
				);
				INFOPLIST_FILE = GameTests/Info.plist;
				LD_RUNPATH_SEARCH_PATHS = "$(inherited) @executable_path/Frameworks @loader_path/Frameworks";
				PRODUCT_NAME = "$(TARGET_NAME)";
				TEST_HOST = "$(BUILT_PRODUCTS_DIR)/Game.app/Game";
			};
			name = Debug;
		};
		D16E0E881B9D3EED00AE2932 /* Release */ = {
			isa = XCBuildConfiguration;
			buildSettings = {
				BUNDLE_LOADER = "$(TEST_HOST)";
				FRAMEWORK_SEARCH_PATHS = (
					"$(SDKROOT)/Developer/Library/Frameworks",
					"$(inherited)",
				);
				INFOPLIST_FILE = GameTests/Info.plist;
				LD_RUNPATH_SEARCH_PATHS = "$(inherited) @executable_path/Frameworks @loader_path/Frameworks";
				PRODUCT_NAME = "$(TARGET_NAME)";
				TEST_HOST = "$(BUILT_PRODUCTS_DIR)/Game.app/Game";
			};
			name = Release;
		};
/* End XCBuildConfiguration section */

/* Begin XCConfigurationList section */
		D16E0E561B9D3EEC00AE2932 /* Build configuration list for PBXProject "Game" */ = {
			isa = XCConfigurationList;
			buildConfigurations = (
				D16E0E811B9D3EEC00AE2932 /* Debug */,
				D16E0E821B9D3EEC00AE2932 /* Release */,
			);
			defaultConfigurationIsVisible = 0;
			defaultConfigurationName = Release;
		};
		D16E0E831B9D3EEC00AE2932 /* Build configuration list for PBXNativeTarget "Game" */ = {
			isa = XCConfigurationList;
			buildConfigurations = (
				D16E0E841B9D3EEC00AE2932 /* Debug */,
				D16E0E851B9D3EEC00AE2932 /* Release */,
			);
			defaultConfigurationIsVisible = 0;
			defaultConfigurationName = Release;
		};
		D16E0E861B9D3EED00AE2932 /* Build configuration list for PBXNativeTarget "GameTests" */ = {
			isa = XCConfigurationList;
			buildConfigurations = (
				D16E0E871B9D3EED00AE2932 /* Debug */,
				D16E0E881B9D3EED00AE2932 /* Release */,
			);
			defaultConfigurationIsVisible = 0;
			defaultConfigurationName = Release;
		};
/* End XCConfigurationList section */
	};
	rootObject = D16E0E531B9D3EEC00AE2932 /* Project object */;
}
